
Microsoft Visual Studio Solution File, Format Version 12.00
# Visual Studio 15
VisualStudioVersion = 15.0.28307.271
MinimumVisualStudioVersion = 10.0.40219.1
Project("{FAE04EC0-301F-11D3-BF4B-00C04F79EFBC}") = "URI-1018", "URI-1018\URI-1018.csproj", "{6604E1DC-C751-493D-AF1B-77CA920F661C}"
EndProject
Global
	GlobalSection(SolutionConfigurationPlatforms) = preSolution
		Debug|Any CPU = Debug|Any CPU
		Release|Any CPU = Release|Any CPU
	EndGlobalSection
	GlobalSection(ProjectConfigurationPlatforms) = postSolution
		{6604E1DC-C751-493D-AF1B-77CA920F661C}.Debug|Any CPU.ActiveCfg = Debug|Any CPU
		{6604E1DC-C751-493D-AF1B-77CA920F661C}.Debug|Any CPU.Build.0 = Debug|Any CPU
		{6604E1DC-C751-493D-AF1B-77CA920F661C}.Release|Any CPU.ActiveCfg = Release|Any CPU
		{6604E1DC-C751-493D-AF1B-77CA920F661C}.Release|Any CPU.Build.0 = Release|Any CPU
	EndGlobalSection
	GlobalSection(SolutionProperties) = preSolution
		HideSolutionNode = FALSE
	EndGlobalSection
	GlobalSection(ExtensibilityGlobals) = postSolution
		SolutionGuid = {6FAD0741-0EB2-4B40-B3FA-5ECC2828B570}
	EndGlobalSection
EndGlobal
