
Microsoft Visual Studio Solution File, Format Version 12.00
# Visual Studio 15
VisualStudioVersion = 15.0.28307.271
MinimumVisualStudioVersion = 10.0.40219.1
Project("{FAE04EC0-301F-11D3-BF4B-00C04F79EFBC}") = "URI-1003", "URI-1003\URI-1003.csproj", "{B656B48C-6663-4CCD-AFC9-2EBF35576449}"
EndProject
Global
	GlobalSection(SolutionConfigurationPlatforms) = preSolution
		Debug|Any CPU = Debug|Any CPU
		Release|Any CPU = Release|Any CPU
	EndGlobalSection
	GlobalSection(ProjectConfigurationPlatforms) = postSolution
		{B656B48C-6663-4CCD-AFC9-2EBF35576449}.Debug|Any CPU.ActiveCfg = Debug|Any CPU
		{B656B48C-6663-4CCD-AFC9-2EBF35576449}.Debug|Any CPU.Build.0 = Debug|Any CPU
		{B656B48C-6663-4CCD-AFC9-2EBF35576449}.Release|Any CPU.ActiveCfg = Release|Any CPU
		{B656B48C-6663-4CCD-AFC9-2EBF35576449}.Release|Any CPU.Build.0 = Release|Any CPU
	EndGlobalSection
	GlobalSection(SolutionProperties) = preSolution
		HideSolutionNode = FALSE
	EndGlobalSection
	GlobalSection(ExtensibilityGlobals) = postSolution
		SolutionGuid = {DB05E2BD-D11D-4B8F-A2AF-C08FE9248E78}
	EndGlobalSection
EndGlobal
