
Microsoft Visual Studio Solution File, Format Version 12.00
# Visual Studio 15
VisualStudioVersion = 15.0.28307.271
MinimumVisualStudioVersion = 10.0.40219.1
Project("{FAE04EC0-301F-11D3-BF4B-00C04F79EFBC}") = "URI-1014", "URI-1014\URI-1014.csproj", "{BCF5FEC7-9029-476E-8472-EA4C206C2661}"
EndProject
Global
	GlobalSection(SolutionConfigurationPlatforms) = preSolution
		Debug|Any CPU = Debug|Any CPU
		Release|Any CPU = Release|Any CPU
	EndGlobalSection
	GlobalSection(ProjectConfigurationPlatforms) = postSolution
		{BCF5FEC7-9029-476E-8472-EA4C206C2661}.Debug|Any CPU.ActiveCfg = Debug|Any CPU
		{BCF5FEC7-9029-476E-8472-EA4C206C2661}.Debug|Any CPU.Build.0 = Debug|Any CPU
		{BCF5FEC7-9029-476E-8472-EA4C206C2661}.Release|Any CPU.ActiveCfg = Release|Any CPU
		{BCF5FEC7-9029-476E-8472-EA4C206C2661}.Release|Any CPU.Build.0 = Release|Any CPU
	EndGlobalSection
	GlobalSection(SolutionProperties) = preSolution
		HideSolutionNode = FALSE
	EndGlobalSection
	GlobalSection(ExtensibilityGlobals) = postSolution
		SolutionGuid = {88D1D101-100F-4E31-9710-2F05ADB6FF37}
	EndGlobalSection
EndGlobal
