
Microsoft Visual Studio Solution File, Format Version 12.00
# Visual Studio 15
VisualStudioVersion = 15.0.28307.271
MinimumVisualStudioVersion = 10.0.40219.1
Project("{FAE04EC0-301F-11D3-BF4B-00C04F79EFBC}") = "URI-1012", "URI-1012\URI-1012.csproj", "{2CBFAE30-0DF5-48C8-AD30-B770230D3BAC}"
EndProject
Global
	GlobalSection(SolutionConfigurationPlatforms) = preSolution
		Debug|Any CPU = Debug|Any CPU
		Release|Any CPU = Release|Any CPU
	EndGlobalSection
	GlobalSection(ProjectConfigurationPlatforms) = postSolution
		{2CBFAE30-0DF5-48C8-AD30-B770230D3BAC}.Debug|Any CPU.ActiveCfg = Debug|Any CPU
		{2CBFAE30-0DF5-48C8-AD30-B770230D3BAC}.Debug|Any CPU.Build.0 = Debug|Any CPU
		{2CBFAE30-0DF5-48C8-AD30-B770230D3BAC}.Release|Any CPU.ActiveCfg = Release|Any CPU
		{2CBFAE30-0DF5-48C8-AD30-B770230D3BAC}.Release|Any CPU.Build.0 = Release|Any CPU
	EndGlobalSection
	GlobalSection(SolutionProperties) = preSolution
		HideSolutionNode = FALSE
	EndGlobalSection
	GlobalSection(ExtensibilityGlobals) = postSolution
		SolutionGuid = {C17E05EE-9B25-4E03-B933-0A7B522F7DB2}
	EndGlobalSection
EndGlobal
