
Microsoft Visual Studio Solution File, Format Version 12.00
# Visual Studio 15
VisualStudioVersion = 15.0.28307.271
MinimumVisualStudioVersion = 10.0.40219.1
Project("{FAE04EC0-301F-11D3-BF4B-00C04F79EFBC}") = "URI-1016", "URI-1016\URI-1016.csproj", "{4C617D43-DFB4-4743-915A-B13BA3A63839}"
EndProject
Global
	GlobalSection(SolutionConfigurationPlatforms) = preSolution
		Debug|Any CPU = Debug|Any CPU
		Release|Any CPU = Release|Any CPU
	EndGlobalSection
	GlobalSection(ProjectConfigurationPlatforms) = postSolution
		{4C617D43-DFB4-4743-915A-B13BA3A63839}.Debug|Any CPU.ActiveCfg = Debug|Any CPU
		{4C617D43-DFB4-4743-915A-B13BA3A63839}.Debug|Any CPU.Build.0 = Debug|Any CPU
		{4C617D43-DFB4-4743-915A-B13BA3A63839}.Release|Any CPU.ActiveCfg = Release|Any CPU
		{4C617D43-DFB4-4743-915A-B13BA3A63839}.Release|Any CPU.Build.0 = Release|Any CPU
	EndGlobalSection
	GlobalSection(SolutionProperties) = preSolution
		HideSolutionNode = FALSE
	EndGlobalSection
	GlobalSection(ExtensibilityGlobals) = postSolution
		SolutionGuid = {F0BB4A54-750A-4C55-A317-49D314F59F83}
	EndGlobalSection
EndGlobal
